
Microsoft Visual Studio Solution File, Format Version 12.00
# Visual Studio Version 16
VisualStudioVersion = 16.0.29709.97
MinimumVisualStudioVersion = 10.0.40219.1
Project("{9A19103F-16F7-4668-BE54-9A1E7A4F7556}") = "MadPay724.Data", "MadPay724.Data\MadPay724.Data.csproj", "{CEA561D4-B52B-4780-910F-772495AC98E5}"
EndProject
Project("{9A19103F-16F7-4668-BE54-9A1E7A4F7556}") = "MadPay724.Common", "MadPay724.Common\MadPay724.Common.csproj", "{54E5EDAA-88F3-4E39-A123-A1D872564F8D}"
EndProject
Project("{9A19103F-16F7-4668-BE54-9A1E7A4F7556}") = "MadPay724.Repo", "MadPay724.Repo\MadPay724.Repo.csproj", "{7EEF3F10-7C9C-4410-B73E-4C606C936A24}"
EndProject
Project("{9A19103F-16F7-4668-BE54-9A1E7A4F7556}") = "MadPay724.Services", "MadPay724.Services\MadPay724.Services.csproj", "{BEFDC156-6305-4A25-98E4-0091D742D03A}"
EndProject
Project("{9A19103F-16F7-4668-BE54-9A1E7A4F7556}") = "MadPay724.Presentation", "MadPay724.Presentation\MadPay724.Presentation.csproj", "{5523A293-2CF7-4F2D-A82D-839AD83E02AF}"
EndProject
Global
	GlobalSection(SolutionConfigurationPlatforms) = preSolution
		Debug|Any CPU = Debug|Any CPU
		Release|Any CPU = Release|Any CPU
	EndGlobalSection
	GlobalSection(ProjectConfigurationPlatforms) = postSolution
		{CEA561D4-B52B-4780-910F-772495AC98E5}.Debug|Any CPU.ActiveCfg = Debug|Any CPU
		{CEA561D4-B52B-4780-910F-772495AC98E5}.Debug|Any CPU.Build.0 = Debug|Any CPU
		{CEA561D4-B52B-4780-910F-772495AC98E5}.Release|Any CPU.ActiveCfg = Release|Any CPU
		{CEA561D4-B52B-4780-910F-772495AC98E5}.Release|Any CPU.Build.0 = Release|Any CPU
		{54E5EDAA-88F3-4E39-A123-A1D872564F8D}.Debug|Any CPU.ActiveCfg = Debug|Any CPU
		{54E5EDAA-88F3-4E39-A123-A1D872564F8D}.Debug|Any CPU.Build.0 = Debug|Any CPU
		{54E5EDAA-88F3-4E39-A123-A1D872564F8D}.Release|Any CPU.ActiveCfg = Release|Any CPU
		{54E5EDAA-88F3-4E39-A123-A1D872564F8D}.Release|Any CPU.Build.0 = Release|Any CPU
		{7EEF3F10-7C9C-4410-B73E-4C606C936A24}.Debug|Any CPU.ActiveCfg = Debug|Any CPU
		{7EEF3F10-7C9C-4410-B73E-4C606C936A24}.Debug|Any CPU.Build.0 = Debug|Any CPU
		{7EEF3F10-7C9C-4410-B73E-4C606C936A24}.Release|Any CPU.ActiveCfg = Release|Any CPU
		{7EEF3F10-7C9C-4410-B73E-4C606C936A24}.Release|Any CPU.Build.0 = Release|Any CPU
		{BEFDC156-6305-4A25-98E4-0091D742D03A}.Debug|Any CPU.ActiveCfg = Debug|Any CPU
		{BEFDC156-6305-4A25-98E4-0091D742D03A}.Debug|Any CPU.Build.0 = Debug|Any CPU
		{BEFDC156-6305-4A25-98E4-0091D742D03A}.Release|Any CPU.ActiveCfg = Release|Any CPU
		{BEFDC156-6305-4A25-98E4-0091D742D03A}.Release|Any CPU.Build.0 = Release|Any CPU
		{5523A293-2CF7-4F2D-A82D-839AD83E02AF}.Debug|Any CPU.ActiveCfg = Debug|Any CPU
		{5523A293-2CF7-4F2D-A82D-839AD83E02AF}.Debug|Any CPU.Build.0 = Debug|Any CPU
		{5523A293-2CF7-4F2D-A82D-839AD83E02AF}.Release|Any CPU.ActiveCfg = Release|Any CPU
		{5523A293-2CF7-4F2D-A82D-839AD83E02AF}.Release|Any CPU.Build.0 = Release|Any CPU
	EndGlobalSection
	GlobalSection(SolutionProperties) = preSolution
		HideSolutionNode = FALSE
	EndGlobalSection
	GlobalSection(ExtensibilityGlobals) = postSolution
		SolutionGuid = {D2DB7A49-1E7E-455C-B3E7-BF090BE9C884}
	EndGlobalSection
EndGlobal
